// !$*UTF8*$!
{
	archiveVersion = 1;
	classes = {
	};
	objectVersion = 46;
	objects = {

/* Begin PBXBuildFile section */
		29806CA11E70809800FD9ED1 /* AppDelegate.swift in Sources */ = {isa = PBXBuildFile; fileRef = 29806CA01E70809800FD9ED1 /* AppDelegate.swift */; };
		29806CA31E70809800FD9ED1 /* ViewController.swift in Sources */ = {isa = PBXBuildFile; fileRef = 29806CA21E70809800FD9ED1 /* ViewController.swift */; };
		29806CA61E70809800FD9ED1 /* Main.storyboard in Resources */ = {isa = PBXBuildFile; fileRef = 29806CA41E70809800FD9ED1 /* Main.storyboard */; };
		29806CA81E70809800FD9ED1 /* Assets.xcassets in Resources */ = {isa = PBXBuildFile; fileRef = 29806CA71E70809800FD9ED1 /* Assets.xcassets */; };
		29806CAB1E70809800FD9ED1 /* LaunchScreen.storyboard in Resources */ = {isa = PBXBuildFile; fileRef = 29806CA91E70809800FD9ED1 /* LaunchScreen.storyboard */; };
		29806CB61E70809800FD9ED1 /* WeatherAppTests.swift in Sources */ = {isa = PBXBuildFile; fileRef = 29806CB51E70809800FD9ED1 /* WeatherAppTests.swift */; };
		29806CC11E70809800FD9ED1 /* WeatherAppUITests.swift in Sources */ = {isa = PBXBuildFile; fileRef = 29806CC01E70809800FD9ED1 /* WeatherAppUITests.swift */; };
		29806D151E70F79500FD9ED1 /* Constants.swift in Sources */ = {isa = PBXBuildFile; fileRef = 29806D141E70F79500FD9ED1 /* Constants.swift */; };
		29806D171E712D6600FD9ED1 /* Utils.swift in Sources */ = {isa = PBXBuildFile; fileRef = 29806D161E712D6600FD9ED1 /* Utils.swift */; };
/* End PBXBuildFile section */

/* Begin PBXContainerItemProxy section */
		29806CB21E70809800FD9ED1 /* PBXContainerItemProxy */ = {
			isa = PBXContainerItemProxy;
			containerPortal = 29806C951E70809800FD9ED1 /* Project object */;
			proxyType = 1;
			remoteGlobalIDString = 29806C9C1E70809800FD9ED1;
			remoteInfo = WeatherApp;
		};
		29806CBD1E70809800FD9ED1 /* PBXContainerItemProxy */ = {
			isa = PBXContainerItemProxy;
			containerPortal = 29806C951E70809800FD9ED1 /* Project object */;
			proxyType = 1;
			remoteGlobalIDString = 29806C9C1E70809800FD9ED1;
			remoteInfo = WeatherApp;
		};
/* End PBXContainerItemProxy section */

/* Begin PBXFileReference section */
		29806C9D1E70809800FD9ED1 /* WeatherApp.app */ = {isa = PBXFileReference; explicitFileType = wrapper.application; includeInIndex = 0; path = WeatherApp.app; sourceTree = BUILT_PRODUCTS_DIR; };
		29806CA01E70809800FD9ED1 /* AppDelegate.swift */ = {isa = PBXFileReference; lastKnownFileType = sourcecode.swift; path = AppDelegate.swift; sourceTree = "<group>"; };
		29806CA21E70809800FD9ED1 /* ViewController.swift */ = {isa = PBXFileReference; lastKnownFileType = sourcecode.swift; path = ViewController.swift; sourceTree = "<group>"; };
		29806CA51E70809800FD9ED1 /* Base */ = {isa = PBXFileReference; lastKnownFileType = file.storyboard; name = Base; path = Base.lproj/Main.storyboard; sourceTree = "<group>"; };
		29806CA71E70809800FD9ED1 /* Assets.xcassets */ = {isa = PBXFileReference; lastKnownFileType = folder.assetcatalog; path = Assets.xcassets; sourceTree = "<group>"; };
		29806CAA1E70809800FD9ED1 /* Base */ = {isa = PBXFileReference; lastKnownFileType = file.storyboard; name = Base; path = Base.lproj/LaunchScreen.storyboard; sourceTree = "<group>"; };
		29806CAC1E70809800FD9ED1 /* Info.plist */ = {isa = PBXFileReference; lastKnownFileType = text.plist.xml; path = Info.plist; sourceTree = "<group>"; };
		29806CB11E70809800FD9ED1 /* WeatherAppTests.xctest */ = {isa = PBXFileReference; explicitFileType = wrapper.cfbundle; includeInIndex = 0; path = WeatherAppTests.xctest; sourceTree = BUILT_PRODUCTS_DIR; };
		29806CB51E70809800FD9ED1 /* WeatherAppTests.swift */ = {isa = PBXFileReference; lastKnownFileType = sourcecode.swift; path = WeatherAppTests.swift; sourceTree = "<group>"; };
		29806CB71E70809800FD9ED1 /* Info.plist */ = {isa = PBXFileReference; lastKnownFileType = text.plist.xml; path = Info.plist; sourceTree = "<group>"; };
		29806CBC1E70809800FD9ED1 /* WeatherAppUITests.xctest */ = {isa = PBXFileReference; explicitFileType = wrapper.cfbundle; includeInIndex = 0; path = WeatherAppUITests.xctest; sourceTree = BUILT_PRODUCTS_DIR; };
		29806CC01E70809800FD9ED1 /* WeatherAppUITests.swift */ = {isa = PBXFileReference; lastKnownFileType = sourcecode.swift; path = WeatherAppUITests.swift; sourceTree = "<group>"; };
		29806CC21E70809800FD9ED1 /* Info.plist */ = {isa = PBXFileReference; lastKnownFileType = text.plist.xml; path = Info.plist; sourceTree = "<group>"; };
		29806D141E70F79500FD9ED1 /* Constants.swift */ = {isa = PBXFileReference; fileEncoding = 4; lastKnownFileType = sourcecode.swift; path = Constants.swift; sourceTree = "<group>"; };
		29806D161E712D6600FD9ED1 /* Utils.swift */ = {isa = PBXFileReference; fileEncoding = 4; lastKnownFileType = sourcecode.swift; path = Utils.swift; sourceTree = "<group>"; };
/* End PBXFileReference section */

/* Begin PBXFrameworksBuildPhase section */
		29806C9A1E70809800FD9ED1 /* Frameworks */ = {
			isa = PBXFrameworksBuildPhase;
			buildActionMask = 2147483647;
			files = (
			);
			runOnlyForDeploymentPostprocessing = 0;
		};
		29806CAE1E70809800FD9ED1 /* Frameworks */ = {
			isa = PBXFrameworksBuildPhase;
			buildActionMask = 2147483647;
			files = (
			);
			runOnlyForDeploymentPostprocessing = 0;
		};
		29806CB91E70809800FD9ED1 /* Frameworks */ = {
			isa = PBXFrameworksBuildPhase;
			buildActionMask = 2147483647;
			files = (
			);
			runOnlyForDeploymentPostprocessing = 0;
		};
/* End PBXFrameworksBuildPhase section */

/* Begin PBXGroup section */
		29806C941E70809800FD9ED1 = {
			isa = PBXGroup;
			children = (
				29806C9F1E70809800FD9ED1 /* WeatherApp */,
				29806CB41E70809800FD9ED1 /* WeatherAppTests */,
				29806CBF1E70809800FD9ED1 /* WeatherAppUITests */,
				29806C9E1E70809800FD9ED1 /* Products */,
			);
			sourceTree = "<group>";
		};
		29806C9E1E70809800FD9ED1 /* Products */ = {
			isa = PBXGroup;
			children = (
				29806C9D1E70809800FD9ED1 /* WeatherApp.app */,
				29806CB11E70809800FD9ED1 /* WeatherAppTests.xctest */,
				29806CBC1E70809800FD9ED1 /* WeatherAppUITests.xctest */,
			);
			name = Products;
			sourceTree = "<group>";
		};
		29806C9F1E70809800FD9ED1 /* WeatherApp */ = {
			isa = PBXGroup;
			children = (
				29806CA01E70809800FD9ED1 /* AppDelegate.swift */,
				29806CA21E70809800FD9ED1 /* ViewController.swift */,
				29806CA41E70809800FD9ED1 /* Main.storyboard */,
				29806CA71E70809800FD9ED1 /* Assets.xcassets */,
				29806CA91E70809800FD9ED1 /* LaunchScreen.storyboard */,
				29806CAC1E70809800FD9ED1 /* Info.plist */,
				29806D141E70F79500FD9ED1 /* Constants.swift */,
				29806D161E712D6600FD9ED1 /* Utils.swift */,
			);
			path = WeatherApp;
			sourceTree = "<group>";
		};
		29806CB41E70809800FD9ED1 /* WeatherAppTests */ = {
			isa = PBXGroup;
			children = (
				29806CB51E70809800FD9ED1 /* WeatherAppTests.swift */,
				29806CB71E70809800FD9ED1 /* Info.plist */,
			);
			path = WeatherAppTests;
			sourceTree = "<group>";
		};
		29806CBF1E70809800FD9ED1 /* WeatherAppUITests */ = {
			isa = PBXGroup;
			children = (
				29806CC01E70809800FD9ED1 /* WeatherAppUITests.swift */,
				29806CC21E70809800FD9ED1 /* Info.plist */,
			);
			path = WeatherAppUITests;
			sourceTree = "<group>";
		};
/* End PBXGroup section */

/* Begin PBXNativeTarget section */
		29806C9C1E70809800FD9ED1 /* WeatherApp */ = {
			isa = PBXNativeTarget;
			buildConfigurationList = 29806CC51E70809800FD9ED1 /* Build configuration list for PBXNativeTarget "WeatherApp" */;
			buildPhases = (
				29806C991E70809800FD9ED1 /* Sources */,
				29806C9A1E70809800FD9ED1 /* Frameworks */,
				29806C9B1E70809800FD9ED1 /* Resources */,
			);
			buildRules = (
			);
			dependencies = (
			);
			name = WeatherApp;
			productName = WeatherApp;
			productReference = 29806C9D1E70809800FD9ED1 /* WeatherApp.app */;
			productType = "com.apple.product-type.application";
		};
		29806CB01E70809800FD9ED1 /* WeatherAppTests */ = {
			isa = PBXNativeTarget;
			buildConfigurationList = 29806CC81E70809800FD9ED1 /* Build configuration list for PBXNativeTarget "WeatherAppTests" */;
			buildPhases = (
				29806CAD1E70809800FD9ED1 /* Sources */,
				29806CAE1E70809800FD9ED1 /* Frameworks */,
				29806CAF1E70809800FD9ED1 /* Resources */,
			);
			buildRules = (
			);
			dependencies = (
				29806CB31E70809800FD9ED1 /* PBXTargetDependency */,
			);
			name = WeatherAppTests;
			productName = WeatherAppTests;
			productReference = 29806CB11E70809800FD9ED1 /* WeatherAppTests.xctest */;
			productType = "com.apple.product-type.bundle.unit-test";
		};
		29806CBB1E70809800FD9ED1 /* WeatherAppUITests */ = {
			isa = PBXNativeTarget;
			buildConfigurationList = 29806CCB1E70809800FD9ED1 /* Build configuration list for PBXNativeTarget "WeatherAppUITests" */;
			buildPhases = (
				29806CB81E70809800FD9ED1 /* Sources */,
				29806CB91E70809800FD9ED1 /* Frameworks */,
				29806CBA1E70809800FD9ED1 /* Resources */,
			);
			buildRules = (
			);
			dependencies = (
				29806CBE1E70809800FD9ED1 /* PBXTargetDependency */,
			);
			name = WeatherAppUITests;
			productName = WeatherAppUITests;
			productReference = 29806CBC1E70809800FD9ED1 /* WeatherAppUITests.xctest */;
			productType = "com.apple.product-type.bundle.ui-testing";
		};
/* End PBXNativeTarget section */

/* Begin PBXProject section */
		29806C951E70809800FD9ED1 /* Project object */ = {
			isa = PBXProject;
			attributes = {
				LastSwiftUpdateCheck = 0820;
				LastUpgradeCheck = 0820;
				ORGANIZATIONNAME = "Nabnit Patnaik";
				TargetAttributes = {
					29806C9C1E70809800FD9ED1 = {
						CreatedOnToolsVersion = 8.2.1;
						ProvisioningStyle = Automatic;
					};
					29806CB01E70809800FD9ED1 = {
						CreatedOnToolsVersion = 8.2.1;
						ProvisioningStyle = Automatic;
						TestTargetID = 29806C9C1E70809800FD9ED1;
					};
					29806CBB1E70809800FD9ED1 = {
						CreatedOnToolsVersion = 8.2.1;
						ProvisioningStyle = Automatic;
						TestTargetID = 29806C9C1E70809800FD9ED1;
					};
				};
			};
			buildConfigurationList = 29806C981E70809800FD9ED1 /* Build configuration list for PBXProject "WeatherApp" */;
			compatibilityVersion = "Xcode 3.2";
			developmentRegion = English;
			hasScannedForEncodings = 0;
			knownRegions = (
				en,
				Base,
			);
			mainGroup = 29806C941E70809800FD9ED1;
			productRefGroup = 29806C9E1E70809800FD9ED1 /* Products */;
			projectDirPath = "";
			projectRoot = "";
			targets = (
				29806C9C1E70809800FD9ED1 /* WeatherApp */,
				29806CB01E70809800FD9ED1 /* WeatherAppTests */,
				29806CBB1E70809800FD9ED1 /* WeatherAppUITests */,
			);
		};
/* End PBXProject section */

/* Begin PBXResourcesBuildPhase section */
		29806C9B1E70809800FD9ED1 /* Resources */ = {
			isa = PBXResourcesBuildPhase;
			buildActionMask = 2147483647;
			files = (
				29806CAB1E70809800FD9ED1 /* LaunchScreen.storyboard in Resources */,
				29806CA81E70809800FD9ED1 /* Assets.xcassets in Resources */,
				29806CA61E70809800FD9ED1 /* Main.storyboard in Resources */,
			);
			runOnlyForDeploymentPostprocessing = 0;
		};
		29806CAF1E70809800FD9ED1 /* Resources */ = {
			isa = PBXResourcesBuildPhase;
			buildActionMask = 2147483647;
			files = (
			);
			runOnlyForDeploymentPostprocessing = 0;
		};
		29806CBA1E70809800FD9ED1 /* Resources */ = {
			isa = PBXResourcesBuildPhase;
			buildActionMask = 2147483647;
			files = (
			);
			runOnlyForDeploymentPostprocessing = 0;
		};
/* End PBXResourcesBuildPhase section */

/* Begin PBXSourcesBuildPhase section */
		29806C991E70809800FD9ED1 /* Sources */ = {
			isa = PBXSourcesBuildPhase;
			buildActionMask = 2147483647;
			files = (
				29806CA31E70809800FD9ED1 /* ViewController.swift in Sources */,
				29806CA11E70809800FD9ED1 /* AppDelegate.swift in Sources */,
				29806D151E70F79500FD9ED1 /* Constants.swift in Sources */,
				29806D171E712D6600FD9ED1 /* Utils.swift in Sources */,
			);
			runOnlyForDeploymentPostprocessing = 0;
		};
		29806CAD1E70809800FD9ED1 /* Sources */ = {
			isa = PBXSourcesBuildPhase;
			buildActionMask = 2147483647;
			files = (
				29806CB61E70809800FD9ED1 /* WeatherAppTests.swift in Sources */,
			);
			runOnlyForDeploymentPostprocessing = 0;
		};
		29806CB81E70809800FD9ED1 /* Sources */ = {
			isa = PBXSourcesBuildPhase;
			buildActionMask = 2147483647;
			files = (
				29806CC11E70809800FD9ED1 /* WeatherAppUITests.swift in Sources */,
			);
			runOnlyForDeploymentPostprocessing = 0;
		};
/* End PBXSourcesBuildPhase section */

/* Begin PBXTargetDependency section */
		29806CB31E70809800FD9ED1 /* PBXTargetDependency */ = {
			isa = PBXTargetDependency;
			target = 29806C9C1E70809800FD9ED1 /* WeatherApp */;
			targetProxy = 29806CB21E70809800FD9ED1 /* PBXContainerItemProxy */;
		};
		29806CBE1E70809800FD9ED1 /* PBXTargetDependency */ = {
			isa = PBXTargetDependency;
			target = 29806C9C1E70809800FD9ED1 /* WeatherApp */;
			targetProxy = 29806CBD1E70809800FD9ED1 /* PBXContainerItemProxy */;
		};
/* End PBXTargetDependency section */

/* Begin PBXVariantGroup section */
		29806CA41E70809800FD9ED1 /* Main.storyboard */ = {
			isa = PBXVariantGroup;
			children = (
				29806CA51E70809800FD9ED1 /* Base */,
			);
			name = Main.storyboard;
			sourceTree = "<group>";
		};
		29806CA91E70809800FD9ED1 /* LaunchScreen.storyboard */ = {
			isa = PBXVariantGroup;
			children = (
				29806CAA1E70809800FD9ED1 /* Base */,
			);
			name = LaunchScreen.storyboard;
			sourceTree = "<group>";
		};
/* End PBXVariantGroup section */

/* Begin XCBuildConfiguration section */
		29806CC31E70809800FD9ED1 /* Debug */ = {
			isa = XCBuildConfiguration;
			buildSettings = {
				ALWAYS_SEARCH_USER_PATHS = NO;
				CLANG_ANALYZER_NONNULL = YES;
				CLANG_CXX_LANGUAGE_STANDARD = "gnu++0x";
				CLANG_CXX_LIBRARY = "libc++";
				CLANG_ENABLE_MODULES = YES;
				CLANG_ENABLE_OBJC_ARC = YES;
				CLANG_WARN_BOOL_CONVERSION = YES;
				CLANG_WARN_CONSTANT_CONVERSION = YES;
				CLANG_WARN_DIRECT_OBJC_ISA_USAGE = YES_ERROR;
				CLANG_WARN_DOCUMENTATION_COMMENTS = YES;
				CLANG_WARN_EMPTY_BODY = YES;
				CLANG_WARN_ENUM_CONVERSION = YES;
				CLANG_WARN_INFINITE_RECURSION = YES;
				CLANG_WARN_INT_CONVERSION = YES;
				CLANG_WARN_OBJC_ROOT_CLASS = YES_ERROR;
				CLANG_WARN_SUSPICIOUS_MOVE = YES;
				CLANG_WARN_UNREACHABLE_CODE = YES;
				CLANG_WARN__DUPLICATE_METHOD_MATCH = YES;
				"CODE_SIGN_IDENTITY[sdk=iphoneos*]" = "iPhone Developer";
				COPY_PHASE_STRIP = NO;
				DEBUG_INFORMATION_FORMAT = dwarf;
				ENABLE_STRICT_OBJC_MSGSEND = YES;
				ENABLE_TESTABILITY = YES;
				GCC_C_LANGUAGE_STANDARD = gnu99;
				GCC_DYNAMIC_NO_PIC = NO;
				GCC_NO_COMMON_BLOCKS = YES;
				GCC_OPTIMIZATION_LEVEL = 0;
				GCC_PREPROCESSOR_DEFINITIONS = (
					"DEBUG=1",
					"$(inherited)",
				);
				GCC_WARN_64_TO_32_BIT_CONVERSION = YES;
				GCC_WARN_ABOUT_RETURN_TYPE = YES_ERROR;
				GCC_WARN_UNDECLARED_SELECTOR = YES;
				GCC_WARN_UNINITIALIZED_AUTOS = YES_AGGRESSIVE;
				GCC_WARN_UNUSED_FUNCTION = YES;
				GCC_WARN_UNUSED_VARIABLE = YES;
				IPHONEOS_DEPLOYMENT_TARGET = 10.2;
				MTL_ENABLE_DEBUG_INFO = YES;
				ONLY_ACTIVE_ARCH = YES;
				SDKROOT = iphoneos;
				SWIFT_ACTIVE_COMPILATION_CONDITIONS = DEBUG;
				SWIFT_OPTIMIZATION_LEVEL = "-Onone";
			};
			name = Debug;
		};
		29806CC41E70809800FD9ED1 /* Release */ = {
			isa = XCBuildConfiguration;
			buildSettings = {
				ALWAYS_SEARCH_USER_PATHS = NO;
				CLANG_ANALYZER_NONNULL = YES;
				CLANG_CXX_LANGUAGE_STANDARD = "gnu++0x";
				CLANG_CXX_LIBRARY = "libc++";
				CLANG_ENABLE_MODULES = YES;
				CLANG_ENABLE_OBJC_ARC = YES;
				CLANG_WARN_BOOL_CONVERSION = YES;
				CLANG_WARN_CONSTANT_CONVERSION = YES;
				CLANG_WARN_DIRECT_OBJC_ISA_USAGE = YES_ERROR;
				CLANG_WARN_DOCUMENTATION_COMMENTS = YES;
				CLANG_WARN_EMPTY_BODY = YES;
				CLANG_WARN_ENUM_CONVERSION = YES;
				CLANG_WARN_INFINITE_RECURSION = YES;
				CLANG_WARN_INT_CONVERSION = YES;
				CLANG_WARN_OBJC_ROOT_CLASS = YES_ERROR;
				CLANG_WARN_SUSPICIOUS_MOVE = YES;
				CLANG_WARN_UNREACHABLE_CODE = YES;
				CLANG_WARN__DUPLICATE_METHOD_MATCH = YES;
				"CODE_SIGN_IDENTITY[sdk=iphoneos*]" = "iPhone Developer";
				COPY_PHASE_STRIP = NO;
				DEBUG_INFORMATION_FORMAT = "dwarf-with-dsym";
				ENABLE_NS_ASSERTIONS = NO;
				ENABLE_STRICT_OBJC_MSGSEND = YES;
				GCC_C_LANGUAGE_STANDARD = gnu99;
				GCC_NO_COMMON_BLOCKS = YES;
				GCC_WARN_64_TO_32_BIT_CONVERSION = YES;
				GCC_WARN_ABOUT_RETURN_TYPE = YES_ERROR;
				GCC_WARN_UNDECLARED_SELECTOR = YES;
				GCC_WARN_UNINITIALIZED_AUTOS = YES_AGGRESSIVE;
				GCC_WARN_UNUSED_FUNCTION = YES;
				GCC_WARN_UNUSED_VARIABLE = YES;
				IPHONEOS_DEPLOYMENT_TARGET = 10.2;
				MTL_ENABLE_DEBUG_INFO = NO;
				SDKROOT = iphoneos;
				SWIFT_OPTIMIZATION_LEVEL = "-Owholemodule";
				VALIDATE_PRODUCT = YES;
			};
			name = Release;
		};
		29806CC61E70809800FD9ED1 /* Debug */ = {
			isa = XCBuildConfiguration;
			buildSettings = {
				ASSETCATALOG_COMPILER_APPICON_NAME = AppIcon;
				INFOPLIST_FILE = WeatherApp/Info.plist;
				LD_RUNPATH_SEARCH_PATHS = "$(inherited) @executable_path/Frameworks";
				PRODUCT_BUNDLE_IDENTIFIER = com.citi.framework.WeatherApp;
				PRODUCT_NAME = "$(TARGET_NAME)";
				SWIFT_VERSION = 3.0;
			};
			name = Debug;
		};
		29806CC71E70809800FD9ED1 /* Release */ = {
			isa = XCBuildConfiguration;
			buildSettings = {
				ASSETCATALOG_COMPILER_APPICON_NAME = AppIcon;
				INFOPLIST_FILE = WeatherApp/Info.plist;
				LD_RUNPATH_SEARCH_PATHS = "$(inherited) @executable_path/Frameworks";
				PRODUCT_BUNDLE_IDENTIFIER = com.citi.framework.WeatherApp;
				PRODUCT_NAME = "$(TARGET_NAME)";
				SWIFT_VERSION = 3.0;
			};
			name = Release;
		};
		29806CC91E70809800FD9ED1 /* Debug */ = {
			isa = XCBuildConfiguration;
			buildSettings = {
				ALWAYS_EMBED_SWIFT_STANDARD_LIBRARIES = YES;
				BUNDLE_LOADER = "$(TEST_HOST)";
				INFOPLIST_FILE = WeatherAppTests/Info.plist;
				LD_RUNPATH_SEARCH_PATHS = "$(inherited) @executable_path/Frameworks @loader_path/Frameworks";
				PRODUCT_BUNDLE_IDENTIFIER = com.citi.framework.WeatherAppTests;
				PRODUCT_NAME = "$(TARGET_NAME)";
				SWIFT_VERSION = 3.0;
				TEST_HOST = "$(BUILT_PRODUCTS_DIR)/WeatherApp.app/WeatherApp";
			};
			name = Debug;
		};
		29806CCA1E70809800FD9ED1 /* Release */ = {
			isa = XCBuildConfiguration;
			buildSettings = {
				ALWAYS_EMBED_SWIFT_STANDARD_LIBRARIES = YES;
				BUNDLE_LOADER = "$(TEST_HOST)";
				INFOPLIST_FILE = WeatherAppTests/Info.plist;
				LD_RUNPATH_SEARCH_PATHS = "$(inherited) @executable_path/Frameworks @loader_path/Frameworks";
				PRODUCT_BUNDLE_IDENTIFIER = com.citi.framework.WeatherAppTests;
				PRODUCT_NAME = "$(TARGET_NAME)";
				SWIFT_VERSION = 3.0;
				TEST_HOST = "$(BUILT_PRODUCTS_DIR)/WeatherApp.app/WeatherApp";
			};
			name = Release;
		};
		29806CCC1E70809800FD9ED1 /* Debug */ = {
			isa = XCBuildConfiguration;
			buildSettings = {
				ALWAYS_EMBED_SWIFT_STANDARD_LIBRARIES = YES;
				INFOPLIST_FILE = WeatherAppUITests/Info.plist;
				LD_RUNPATH_SEARCH_PATHS = "$(inherited) @executable_path/Frameworks @loader_path/Frameworks";
				PRODUCT_BUNDLE_IDENTIFIER = com.citi.framework.WeatherAppUITests;
				PRODUCT_NAME = "$(TARGET_NAME)";
				SWIFT_VERSION = 3.0;
				TEST_TARGET_NAME = WeatherApp;
			};
			name = Debug;
		};
		29806CCD1E70809800FD9ED1 /* Release */ = {
			isa = XCBuildConfiguration;
			buildSettings = {
				ALWAYS_EMBED_SWIFT_STANDARD_LIBRARIES = YES;
				INFOPLIST_FILE = WeatherAppUITests/Info.plist;
				LD_RUNPATH_SEARCH_PATHS = "$(inherited) @executable_path/Frameworks @loader_path/Frameworks";
				PRODUCT_BUNDLE_IDENTIFIER = com.citi.framework.WeatherAppUITests;
				PRODUCT_NAME = "$(TARGET_NAME)";
				SWIFT_VERSION = 3.0;
				TEST_TARGET_NAME = WeatherApp;
			};
			name = Release;
		};
/* End XCBuildConfiguration section */

/* Begin XCConfigurationList section */
		29806C981E70809800FD9ED1 /* Build configuration list for PBXProject "WeatherApp" */ = {
			isa = XCConfigurationList;
			buildConfigurations = (
				29806CC31E70809800FD9ED1 /* Debug */,
				29806CC41E70809800FD9ED1 /* Release */,
			);
			defaultConfigurationIsVisible = 0;
			defaultConfigurationName = Release;
		};
		29806CC51E70809800FD9ED1 /* Build configuration list for PBXNativeTarget "WeatherApp" */ = {
			isa = XCConfigurationList;
			buildConfigurations = (
				29806CC61E70809800FD9ED1 /* Debug */,
				29806CC71E70809800FD9ED1 /* Release */,
			);
			defaultConfigurationIsVisible = 0;
			defaultConfigurationName = Release;
		};
		29806CC81E70809800FD9ED1 /* Build configuration list for PBXNativeTarget "WeatherAppTests" */ = {
			isa = XCConfigurationList;
			buildConfigurations = (
				29806CC91E70809800FD9ED1 /* Debug */,
				29806CCA1E70809800FD9ED1 /* Release */,
			);
			defaultConfigurationIsVisible = 0;
			defaultConfigurationName = Release;
		};
		29806CCB1E70809800FD9ED1 /* Build configuration list for PBXNativeTarget "WeatherAppUITests" */ = {
			isa = XCConfigurationList;
			buildConfigurations = (
				29806CCC1E70809800FD9ED1 /* Debug */,
				29806CCD1E70809800FD9ED1 /* Release */,
			);
			defaultConfigurationIsVisible = 0;
			defaultConfigurationName = Release;
		};
/* End XCConfigurationList section */
	};
	rootObject = 29806C951E70809800FD9ED1 /* Project object */;
}
